// !$*UTF8*$!
{
	archiveVersion = 1;
	classes = {
	};
	objectVersion = 46;
	objects = {

/* Begin PBXBuildFile section */
		BC626D801E63463A00934865 /* AppDelegate.swift in Sources */ = {isa = PBXBuildFile; fileRef = BC626D7F1E63463A00934865 /* AppDelegate.swift */; };
		BC626D821E63463A00934865 /* ViewController.swift in Sources */ = {isa = PBXBuildFile; fileRef = BC626D811E63463A00934865 /* ViewController.swift */; };
		BC626D851E63463A00934865 /* Main.storyboard in Resources */ = {isa = PBXBuildFile; fileRef = BC626D831E63463A00934865 /* Main.storyboard */; };
		BC626D871E63463A00934865 /* Assets.xcassets in Resources */ = {isa = PBXBuildFile; fileRef = BC626D861E63463A00934865 /* Assets.xcassets */; };
		BC626D8A1E63463A00934865 /* LaunchScreen.storyboard in Resources */ = {isa = PBXBuildFile; fileRef = BC626D881E63463A00934865 /* LaunchScreen.storyboard */; };
/* End PBXBuildFile section */

/* Begin PBXFileReference section */
		BC626D7C1E63463A00934865 /* LinkBadiOS.app */ = {isa = PBXFileReference; explicitFileType = wrapper.application; includeInIndex = 0; path = LinkBadiOS.app; sourceTree = BUILT_PRODUCTS_DIR; };
		BC626D7F1E63463A00934865 /* AppDelegate.swift */ = {isa = PBXFileReference; lastKnownFileType = sourcecode.swift; path = AppDelegate.swift; sourceTree = "<group>"; };
		BC626D811E63463A00934865 /* ViewController.swift */ = {isa = PBXFileReference; lastKnownFileType = sourcecode.swift; path = ViewController.swift; sourceTree = "<group>"; };
		BC626D841E63463A00934865 /* Base */ = {isa = PBXFileReference; lastKnownFileType = file.storyboard; name = Base; path = Base.lproj/Main.storyboard; sourceTree = "<group>"; };
		BC626D861E63463A00934865 /* Assets.xcassets */ = {isa = PBXFileReference; lastKnownFileType = folder.assetcatalog; path = Assets.xcassets; sourceTree = "<group>"; };
		BC626D891E63463A00934865 /* Base */ = {isa = PBXFileReference; lastKnownFileType = file.storyboard; name = Base; path = Base.lproj/LaunchScreen.storyboard; sourceTree = "<group>"; };
		BC626D8B1E63463A00934865 /* Info.plist */ = {isa = PBXFileReference; lastKnownFileType = text.plist.xml; path = Info.plist; sourceTree = "<group>"; };
/* End PBXFileReference section */

/* Begin PBXFrameworksBuildPhase section */
		BC626D791E63463A00934865 /* Frameworks */ = {
			isa = PBXFrameworksBuildPhase;
			buildActionMask = 2147483647;
			files = (
			);
			runOnlyForDeploymentPostprocessing = 0;
		};
/* End PBXFrameworksBuildPhase section */

/* Begin PBXGroup section */
		BC626D731E63463A00934865 = {
			isa = PBXGroup;
			children = (
				BC626D7E1E63463A00934865 /* LinkBadiOS */,
				BC626D7D1E63463A00934865 /* Products */,
			);
			sourceTree = "<group>";
		};
		BC626D7D1E63463A00934865 /* Products */ = {
			isa = PBXGroup;
			children = (
				BC626D7C1E63463A00934865 /* LinkBadiOS.app */,
			);
			name = Products;
			sourceTree = "<group>";
		};
		BC626D7E1E63463A00934865 /* LinkBadiOS */ = {
			isa = PBXGroup;
			children = (
				BC626D7F1E63463A00934865 /* AppDelegate.swift */,
				BC626D811E63463A00934865 /* ViewController.swift */,
				BC626D831E63463A00934865 /* Main.storyboard */,
				BC626D861E63463A00934865 /* Assets.xcassets */,
				BC626D881E63463A00934865 /* LaunchScreen.storyboard */,
				BC626D8B1E63463A00934865 /* Info.plist */,
			);
			path = LinkBadiOS;
			sourceTree = "<group>";
		};
/* End PBXGroup section */

/* Begin PBXNativeTarget section */
		BC626D7B1E63463A00934865 /* LinkBadiOS */ = {
			isa = PBXNativeTarget;
			buildConfigurationList = BC626D8E1E63463A00934865 /* Build configuration list for PBXNativeTarget "LinkBadiOS" */;
			buildPhases = (
				BC626D781E63463A00934865 /* Sources */,
				BC626D791E63463A00934865 /* Frameworks */,
				BC626D7A1E63463A00934865 /* Resources */,
			);
			buildRules = (
			);
			dependencies = (
			);
			name = LinkBadiOS;
			productName = LinkBadiOS;
			productReference = BC626D7C1E63463A00934865 /* LinkBadiOS.app */;
			productType = "com.apple.product-type.application";
		};
/* End PBXNativeTarget section */

/* Begin PBXProject section */
		BC626D741E63463A00934865 /* Project object */ = {
			isa = PBXProject;
			attributes = {
				LastSwiftUpdateCheck = 0820;
				LastUpgradeCheck = 0820;
				ORGANIZATIONNAME = PaulJAdam;
				TargetAttributes = {
					BC626D7B1E63463A00934865 = {
						CreatedOnToolsVersion = 8.2.1;
						DevelopmentTeam = VJ8862HM4M;
						ProvisioningStyle = Automatic;
					};
				};
			};
			buildConfigurationList = BC626D771E63463A00934865 /* Build configuration list for PBXProject "LinkBadiOS" */;
			compatibilityVersion = "Xcode 3.2";
			developmentRegion = English;
			hasScannedForEncodings = 0;
			knownRegions = (
				en,
				Base,
			);
			mainGroup = BC626D731E63463A00934865;
			productRefGroup = BC626D7D1E63463A00934865 /* Products */;
			projectDirPath = "";
			projectRoot = "";
			targets = (
				BC626D7B1E63463A00934865 /* LinkBadiOS */,
			);
		};
/* End PBXProject section */

/* Begin PBXResourcesBuildPhase section */
		BC626D7A1E63463A00934865 /* Resources */ = {
			isa = PBXResourcesBuildPhase;
			buildActionMask = 2147483647;
			files = (
				BC626D8A1E63463A00934865 /* LaunchScreen.storyboard in Resources */,
				BC626D871E63463A00934865 /* Assets.xcassets in Resources */,
				BC626D851E63463A00934865 /* Main.storyboard in Resources */,
			);
			runOnlyForDeploymentPostprocessing = 0;
		};
/* End PBXResourcesBuildPhase section */

/* Begin PBXSourcesBuildPhase section */
		BC626D781E63463A00934865 /* Sources */ = {
			isa = PBXSourcesBuildPhase;
			buildActionMask = 2147483647;
			files = (
				BC626D821E63463A00934865 /* ViewController.swift in Sources */,
				BC626D801E63463A00934865 /* AppDelegate.swift in Sources */,
			);
			runOnlyForDeploymentPostprocessing = 0;
		};
/* End PBXSourcesBuildPhase section */

/* Begin PBXVariantGroup section */
		BC626D831E63463A00934865 /* Main.storyboard */ = {
			isa = PBXVariantGroup;
			children = (
				BC626D841E63463A00934865 /* Base */,
			);
			name = Main.storyboard;
			sourceTree = "<group>";
		};
		BC626D881E63463A00934865 /* LaunchScreen.storyboard */ = {
			isa = PBXVariantGroup;
			children = (
				BC626D891E63463A00934865 /* Base */,
			);
			name = LaunchScreen.storyboard;
			sourceTree = "<group>";
		};
/* End PBXVariantGroup section */

/* Begin XCBuildConfiguration section */
		BC626D8C1E63463A00934865 /* Debug */ = {
			isa = XCBuildConfiguration;
			buildSettings = {
				ALWAYS_SEARCH_USER_PATHS = NO;
				CLANG_ANALYZER_NONNULL = YES;
				CLANG_CXX_LANGUAGE_STANDARD = "gnu++0x";
				CLANG_CXX_LIBRARY = "libc++";
				CLANG_ENABLE_MODULES = YES;
				CLANG_ENABLE_OBJC_ARC = YES;
				CLANG_WARN_BOOL_CONVERSION = YES;
				CLANG_WARN_CONSTANT_CONVERSION = YES;
				CLANG_WARN_DIRECT_OBJC_ISA_USAGE = YES_ERROR;
				CLANG_WARN_DOCUMENTATION_COMMENTS = YES;
				CLANG_WARN_EMPTY_BODY = YES;
				CLANG_WARN_ENUM_CONVERSION = YES;
				CLANG_WARN_INFINITE_RECURSION = YES;
				CLANG_WARN_INT_CONVERSION = YES;
				CLANG_WARN_OBJC_ROOT_CLASS = YES_ERROR;
				CLANG_WARN_SUSPICIOUS_MOVE = YES;
				CLANG_WARN_UNREACHABLE_CODE = YES;
				CLANG_WARN__DUPLICATE_METHOD_MATCH = YES;
				"CODE_SIGN_IDENTITY[sdk=iphoneos*]" = "iPhone Developer";
				COPY_PHASE_STRIP = NO;
				DEBUG_INFORMATION_FORMAT = dwarf;
				ENABLE_STRICT_OBJC_MSGSEND = YES;
				ENABLE_TESTABILITY = YES;
				GCC_C_LANGUAGE_STANDARD = gnu99;
				GCC_DYNAMIC_NO_PIC = NO;
				GCC_NO_COMMON_BLOCKS = YES;
				GCC_OPTIMIZATION_LEVEL = 0;
				GCC_PREPROCESSOR_DEFINITIONS = (
					"DEBUG=1",
					"$(inherited)",
				);
				GCC_WARN_64_TO_32_BIT_CONVERSION = YES;
				GCC_WARN_ABOUT_RETURN_TYPE = YES_ERROR;
				GCC_WARN_UNDECLARED_SELECTOR = YES;
				GCC_WARN_UNINITIALIZED_AUTOS = YES_AGGRESSIVE;
				GCC_WARN_UNUSED_FUNCTION = YES;
				GCC_WARN_UNUSED_VARIABLE = YES;
				IPHONEOS_DEPLOYMENT_TARGET = 10.2;
				MTL_ENABLE_DEBUG_INFO = YES;
				ONLY_ACTIVE_ARCH = YES;
				SDKROOT = iphoneos;
				SWIFT_ACTIVE_COMPILATION_CONDITIONS = DEBUG;
				SWIFT_OPTIMIZATION_LEVEL = "-Onone";
				TARGETED_DEVICE_FAMILY = "1,2";
			};
			name = Debug;
		};
		BC626D8D1E63463A00934865 /* Release */ = {
			isa = XCBuildConfiguration;
			buildSettings = {
				ALWAYS_SEARCH_USER_PATHS = NO;
				CLANG_ANALYZER_NONNULL = YES;
				CLANG_CXX_LANGUAGE_STANDARD = "gnu++0x";
				CLANG_CXX_LIBRARY = "libc++";
				CLANG_ENABLE_MODULES = YES;
				CLANG_ENABLE_OBJC_ARC = YES;
				CLANG_WARN_BOOL_CONVERSION = YES;
				CLANG_WARN_CONSTANT_CONVERSION = YES;
				CLANG_WARN_DIRECT_OBJC_ISA_USAGE = YES_ERROR;
				CLANG_WARN_DOCUMENTATION_COMMENTS = YES;
				CLANG_WARN_EMPTY_BODY = YES;
				CLANG_WARN_ENUM_CONVERSION = YES;
				CLANG_WARN_INFINITE_RECURSION = YES;
				CLANG_WARN_INT_CONVERSION = YES;
				CLANG_WARN_OBJC_ROOT_CLASS = YES_ERROR;
				CLANG_WARN_SUSPICIOUS_MOVE = YES;
				CLANG_WARN_UNREACHABLE_CODE = YES;
				CLANG_WARN__DUPLICATE_METHOD_MATCH = YES;
				"CODE_SIGN_IDENTITY[sdk=iphoneos*]" = "iPhone Developer";
				COPY_PHASE_STRIP = NO;
				DEBUG_INFORMATION_FORMAT = "dwarf-with-dsym";
				ENABLE_NS_ASSERTIONS = NO;
				ENABLE_STRICT_OBJC_MSGSEND = YES;
				GCC_C_LANGUAGE_STANDARD = gnu99;
				GCC_NO_COMMON_BLOCKS = YES;
				GCC_WARN_64_TO_32_BIT_CONVERSION = YES;
				GCC_WARN_ABOUT_RETURN_TYPE = YES_ERROR;
				GCC_WARN_UNDECLARED_SELECTOR = YES;
				GCC_WARN_UNINITIALIZED_AUTOS = YES_AGGRESSIVE;
				GCC_WARN_UNUSED_FUNCTION = YES;
				GCC_WARN_UNUSED_VARIABLE = YES;
				IPHONEOS_DEPLOYMENT_TARGET = 10.2;
				MTL_ENABLE_DEBUG_INFO = NO;
				SDKROOT = iphoneos;
				SWIFT_OPTIMIZATION_LEVEL = "-Owholemodule";
				TARGETED_DEVICE_FAMILY = "1,2";
				VALIDATE_PRODUCT = YES;
			};
			name = Release;
		};
		BC626D8F1E63463A00934865 /* Debug */ = {
			isa = XCBuildConfiguration;
			buildSettings = {
				ASSETCATALOG_COMPILER_APPICON_NAME = AppIcon;
				DEVELOPMENT_TEAM = VJ8862HM4M;
				INFOPLIST_FILE = LinkBadiOS/Info.plist;
				LD_RUNPATH_SEARCH_PATHS = "$(inherited) @executable_path/Frameworks";
				PRODUCT_BUNDLE_IDENTIFIER = PaulJAdam.LinkBadiOS;
				PRODUCT_NAME = "$(TARGET_NAME)";
				SWIFT_VERSION = 3.0;
			};
			name = Debug;
		};
		BC626D901E63463A00934865 /* Release */ = {
			isa = XCBuildConfiguration;
			buildSettings = {
				ASSETCATALOG_COMPILER_APPICON_NAME = AppIcon;
				DEVELOPMENT_TEAM = VJ8862HM4M;
				INFOPLIST_FILE = LinkBadiOS/Info.plist;
				LD_RUNPATH_SEARCH_PATHS = "$(inherited) @executable_path/Frameworks";
				PRODUCT_BUNDLE_IDENTIFIER = PaulJAdam.LinkBadiOS;
				PRODUCT_NAME = "$(TARGET_NAME)";
				SWIFT_VERSION = 3.0;
			};
			name = Release;
		};
/* End XCBuildConfiguration section */

/* Begin XCConfigurationList section */
		BC626D771E63463A00934865 /* Build configuration list for PBXProject "LinkBadiOS" */ = {
			isa = XCConfigurationList;
			buildConfigurations = (
				BC626D8C1E63463A00934865 /* Debug */,
				BC626D8D1E63463A00934865 /* Release */,
			);
			defaultConfigurationIsVisible = 0;
			defaultConfigurationName = Release;
		};
		BC626D8E1E63463A00934865 /* Build configuration list for PBXNativeTarget "LinkBadiOS" */ = {
			isa = XCConfigurationList;
			buildConfigurations = (
				BC626D8F1E63463A00934865 /* Debug */,
				BC626D901E63463A00934865 /* Release */,
			);
			defaultConfigurationIsVisible = 0;
		};
/* End XCConfigurationList section */
	};
	rootObject = BC626D741E63463A00934865 /* Project object */;
}
