// !$*UTF8*$!
{
	archiveVersion = 1;
	classes = {
	};
	objectVersion = 46;
	objects = {

/* Begin PBXBuildFile section */
		BC4408601E608AEB0068EBB2 /* AppDelegate.swift in Sources */ = {isa = PBXBuildFile; fileRef = BC44085F1E608AEB0068EBB2 /* AppDelegate.swift */; };
		BC4408621E608AEB0068EBB2 /* ViewController.swift in Sources */ = {isa = PBXBuildFile; fileRef = BC4408611E608AEB0068EBB2 /* ViewController.swift */; };
		BC4408651E608AEB0068EBB2 /* Main.storyboard in Resources */ = {isa = PBXBuildFile; fileRef = BC4408631E608AEB0068EBB2 /* Main.storyboard */; };
		BC4408671E608AEB0068EBB2 /* Assets.xcassets in Resources */ = {isa = PBXBuildFile; fileRef = BC4408661E608AEB0068EBB2 /* Assets.xcassets */; };
		BC44086A1E608AEB0068EBB2 /* LaunchScreen.storyboard in Resources */ = {isa = PBXBuildFile; fileRef = BC4408681E608AEB0068EBB2 /* LaunchScreen.storyboard */; };
/* End PBXBuildFile section */

/* Begin PBXFileReference section */
		BC44085C1E608AEB0068EBB2 /* FormBadiOS.app */ = {isa = PBXFileReference; explicitFileType = wrapper.application; includeInIndex = 0; path = FormBadiOS.app; sourceTree = BUILT_PRODUCTS_DIR; };
		BC44085F1E608AEB0068EBB2 /* AppDelegate.swift */ = {isa = PBXFileReference; lastKnownFileType = sourcecode.swift; path = AppDelegate.swift; sourceTree = "<group>"; };
		BC4408611E608AEB0068EBB2 /* ViewController.swift */ = {isa = PBXFileReference; lastKnownFileType = sourcecode.swift; path = ViewController.swift; sourceTree = "<group>"; };
		BC4408641E608AEB0068EBB2 /* Base */ = {isa = PBXFileReference; lastKnownFileType = file.storyboard; name = Base; path = Base.lproj/Main.storyboard; sourceTree = "<group>"; };
		BC4408661E608AEB0068EBB2 /* Assets.xcassets */ = {isa = PBXFileReference; lastKnownFileType = folder.assetcatalog; path = Assets.xcassets; sourceTree = "<group>"; };
		BC4408691E608AEB0068EBB2 /* Base */ = {isa = PBXFileReference; lastKnownFileType = file.storyboard; name = Base; path = Base.lproj/LaunchScreen.storyboard; sourceTree = "<group>"; };
		BC44086B1E608AEB0068EBB2 /* Info.plist */ = {isa = PBXFileReference; lastKnownFileType = text.plist.xml; path = Info.plist; sourceTree = "<group>"; };
/* End PBXFileReference section */

/* Begin PBXFrameworksBuildPhase section */
		BC4408591E608AEB0068EBB2 /* Frameworks */ = {
			isa = PBXFrameworksBuildPhase;
			buildActionMask = 2147483647;
			files = (
			);
			runOnlyForDeploymentPostprocessing = 0;
		};
/* End PBXFrameworksBuildPhase section */

/* Begin PBXGroup section */
		BC4408531E608AEB0068EBB2 = {
			isa = PBXGroup;
			children = (
				BC44085E1E608AEB0068EBB2 /* FormBadiOS */,
				BC44085D1E608AEB0068EBB2 /* Products */,
			);
			sourceTree = "<group>";
		};
		BC44085D1E608AEB0068EBB2 /* Products */ = {
			isa = PBXGroup;
			children = (
				BC44085C1E608AEB0068EBB2 /* FormBadiOS.app */,
			);
			name = Products;
			sourceTree = "<group>";
		};
		BC44085E1E608AEB0068EBB2 /* FormBadiOS */ = {
			isa = PBXGroup;
			children = (
				BC44085F1E608AEB0068EBB2 /* AppDelegate.swift */,
				BC4408611E608AEB0068EBB2 /* ViewController.swift */,
				BC4408631E608AEB0068EBB2 /* Main.storyboard */,
				BC4408661E608AEB0068EBB2 /* Assets.xcassets */,
				BC4408681E608AEB0068EBB2 /* LaunchScreen.storyboard */,
				BC44086B1E608AEB0068EBB2 /* Info.plist */,
			);
			path = FormBadiOS;
			sourceTree = "<group>";
		};
/* End PBXGroup section */

/* Begin PBXNativeTarget section */
		BC44085B1E608AEB0068EBB2 /* FormBadiOS */ = {
			isa = PBXNativeTarget;
			buildConfigurationList = BC44086E1E608AEB0068EBB2 /* Build configuration list for PBXNativeTarget "FormBadiOS" */;
			buildPhases = (
				BC4408581E608AEB0068EBB2 /* Sources */,
				BC4408591E608AEB0068EBB2 /* Frameworks */,
				BC44085A1E608AEB0068EBB2 /* Resources */,
			);
			buildRules = (
			);
			dependencies = (
			);
			name = FormBadiOS;
			productName = FormBadiOS;
			productReference = BC44085C1E608AEB0068EBB2 /* FormBadiOS.app */;
			productType = "com.apple.product-type.application";
		};
/* End PBXNativeTarget section */

/* Begin PBXProject section */
		BC4408541E608AEB0068EBB2 /* Project object */ = {
			isa = PBXProject;
			attributes = {
				LastSwiftUpdateCheck = 0820;
				LastUpgradeCheck = 0820;
				ORGANIZATIONNAME = PaulJAdam;
				TargetAttributes = {
					BC44085B1E608AEB0068EBB2 = {
						CreatedOnToolsVersion = 8.2.1;
						DevelopmentTeam = VJ8862HM4M;
						ProvisioningStyle = Automatic;
					};
				};
			};
			buildConfigurationList = BC4408571E608AEB0068EBB2 /* Build configuration list for PBXProject "FormBadiOS" */;
			compatibilityVersion = "Xcode 3.2";
			developmentRegion = English;
			hasScannedForEncodings = 0;
			knownRegions = (
				en,
				Base,
			);
			mainGroup = BC4408531E608AEB0068EBB2;
			productRefGroup = BC44085D1E608AEB0068EBB2 /* Products */;
			projectDirPath = "";
			projectRoot = "";
			targets = (
				BC44085B1E608AEB0068EBB2 /* FormBadiOS */,
			);
		};
/* End PBXProject section */

/* Begin PBXResourcesBuildPhase section */
		BC44085A1E608AEB0068EBB2 /* Resources */ = {
			isa = PBXResourcesBuildPhase;
			buildActionMask = 2147483647;
			files = (
				BC44086A1E608AEB0068EBB2 /* LaunchScreen.storyboard in Resources */,
				BC4408671E608AEB0068EBB2 /* Assets.xcassets in Resources */,
				BC4408651E608AEB0068EBB2 /* Main.storyboard in Resources */,
			);
			runOnlyForDeploymentPostprocessing = 0;
		};
/* End PBXResourcesBuildPhase section */

/* Begin PBXSourcesBuildPhase section */
		BC4408581E608AEB0068EBB2 /* Sources */ = {
			isa = PBXSourcesBuildPhase;
			buildActionMask = 2147483647;
			files = (
				BC4408621E608AEB0068EBB2 /* ViewController.swift in Sources */,
				BC4408601E608AEB0068EBB2 /* AppDelegate.swift in Sources */,
			);
			runOnlyForDeploymentPostprocessing = 0;
		};
/* End PBXSourcesBuildPhase section */

/* Begin PBXVariantGroup section */
		BC4408631E608AEB0068EBB2 /* Main.storyboard */ = {
			isa = PBXVariantGroup;
			children = (
				BC4408641E608AEB0068EBB2 /* Base */,
			);
			name = Main.storyboard;
			sourceTree = "<group>";
		};
		BC4408681E608AEB0068EBB2 /* LaunchScreen.storyboard */ = {
			isa = PBXVariantGroup;
			children = (
				BC4408691E608AEB0068EBB2 /* Base */,
			);
			name = LaunchScreen.storyboard;
			sourceTree = "<group>";
		};
/* End PBXVariantGroup section */

/* Begin XCBuildConfiguration section */
		BC44086C1E608AEB0068EBB2 /* Debug */ = {
			isa = XCBuildConfiguration;
			buildSettings = {
				ALWAYS_SEARCH_USER_PATHS = NO;
				CLANG_ANALYZER_NONNULL = YES;
				CLANG_CXX_LANGUAGE_STANDARD = "gnu++0x";
				CLANG_CXX_LIBRARY = "libc++";
				CLANG_ENABLE_MODULES = YES;
				CLANG_ENABLE_OBJC_ARC = YES;
				CLANG_WARN_BOOL_CONVERSION = YES;
				CLANG_WARN_CONSTANT_CONVERSION = YES;
				CLANG_WARN_DIRECT_OBJC_ISA_USAGE = YES_ERROR;
				CLANG_WARN_DOCUMENTATION_COMMENTS = YES;
				CLANG_WARN_EMPTY_BODY = YES;
				CLANG_WARN_ENUM_CONVERSION = YES;
				CLANG_WARN_INFINITE_RECURSION = YES;
				CLANG_WARN_INT_CONVERSION = YES;
				CLANG_WARN_OBJC_ROOT_CLASS = YES_ERROR;
				CLANG_WARN_SUSPICIOUS_MOVE = YES;
				CLANG_WARN_UNREACHABLE_CODE = YES;
				CLANG_WARN__DUPLICATE_METHOD_MATCH = YES;
				"CODE_SIGN_IDENTITY[sdk=iphoneos*]" = "iPhone Developer";
				COPY_PHASE_STRIP = NO;
				DEBUG_INFORMATION_FORMAT = dwarf;
				ENABLE_STRICT_OBJC_MSGSEND = YES;
				ENABLE_TESTABILITY = YES;
				GCC_C_LANGUAGE_STANDARD = gnu99;
				GCC_DYNAMIC_NO_PIC = NO;
				GCC_NO_COMMON_BLOCKS = YES;
				GCC_OPTIMIZATION_LEVEL = 0;
				GCC_PREPROCESSOR_DEFINITIONS = (
					"DEBUG=1",
					"$(inherited)",
				);
				GCC_WARN_64_TO_32_BIT_CONVERSION = YES;
				GCC_WARN_ABOUT_RETURN_TYPE = YES_ERROR;
				GCC_WARN_UNDECLARED_SELECTOR = YES;
				GCC_WARN_UNINITIALIZED_AUTOS = YES_AGGRESSIVE;
				GCC_WARN_UNUSED_FUNCTION = YES;
				GCC_WARN_UNUSED_VARIABLE = YES;
				IPHONEOS_DEPLOYMENT_TARGET = 10.2;
				MTL_ENABLE_DEBUG_INFO = YES;
				ONLY_ACTIVE_ARCH = YES;
				SDKROOT = iphoneos;
				SWIFT_ACTIVE_COMPILATION_CONDITIONS = DEBUG;
				SWIFT_OPTIMIZATION_LEVEL = "-Onone";
				TARGETED_DEVICE_FAMILY = "1,2";
			};
			name = Debug;
		};
		BC44086D1E608AEB0068EBB2 /* Release */ = {
			isa = XCBuildConfiguration;
			buildSettings = {
				ALWAYS_SEARCH_USER_PATHS = NO;
				CLANG_ANALYZER_NONNULL = YES;
				CLANG_CXX_LANGUAGE_STANDARD = "gnu++0x";
				CLANG_CXX_LIBRARY = "libc++";
				CLANG_ENABLE_MODULES = YES;
				CLANG_ENABLE_OBJC_ARC = YES;
				CLANG_WARN_BOOL_CONVERSION = YES;
				CLANG_WARN_CONSTANT_CONVERSION = YES;
				CLANG_WARN_DIRECT_OBJC_ISA_USAGE = YES_ERROR;
				CLANG_WARN_DOCUMENTATION_COMMENTS = YES;
				CLANG_WARN_EMPTY_BODY = YES;
				CLANG_WARN_ENUM_CONVERSION = YES;
				CLANG_WARN_INFINITE_RECURSION = YES;
				CLANG_WARN_INT_CONVERSION = YES;
				CLANG_WARN_OBJC_ROOT_CLASS = YES_ERROR;
				CLANG_WARN_SUSPICIOUS_MOVE = YES;
				CLANG_WARN_UNREACHABLE_CODE = YES;
				CLANG_WARN__DUPLICATE_METHOD_MATCH = YES;
				"CODE_SIGN_IDENTITY[sdk=iphoneos*]" = "iPhone Developer";
				COPY_PHASE_STRIP = NO;
				DEBUG_INFORMATION_FORMAT = "dwarf-with-dsym";
				ENABLE_NS_ASSERTIONS = NO;
				ENABLE_STRICT_OBJC_MSGSEND = YES;
				GCC_C_LANGUAGE_STANDARD = gnu99;
				GCC_NO_COMMON_BLOCKS = YES;
				GCC_WARN_64_TO_32_BIT_CONVERSION = YES;
				GCC_WARN_ABOUT_RETURN_TYPE = YES_ERROR;
				GCC_WARN_UNDECLARED_SELECTOR = YES;
				GCC_WARN_UNINITIALIZED_AUTOS = YES_AGGRESSIVE;
				GCC_WARN_UNUSED_FUNCTION = YES;
				GCC_WARN_UNUSED_VARIABLE = YES;
				IPHONEOS_DEPLOYMENT_TARGET = 10.2;
				MTL_ENABLE_DEBUG_INFO = NO;
				SDKROOT = iphoneos;
				SWIFT_OPTIMIZATION_LEVEL = "-Owholemodule";
				TARGETED_DEVICE_FAMILY = "1,2";
				VALIDATE_PRODUCT = YES;
			};
			name = Release;
		};
		BC44086F1E608AEB0068EBB2 /* Debug */ = {
			isa = XCBuildConfiguration;
			buildSettings = {
				ASSETCATALOG_COMPILER_APPICON_NAME = AppIcon;
				DEVELOPMENT_TEAM = VJ8862HM4M;
				INFOPLIST_FILE = FormBadiOS/Info.plist;
				LD_RUNPATH_SEARCH_PATHS = "$(inherited) @executable_path/Frameworks";
				PRODUCT_BUNDLE_IDENTIFIER = PaulJAdam.FormBadiOS;
				PRODUCT_NAME = "$(TARGET_NAME)";
				SWIFT_VERSION = 3.0;
			};
			name = Debug;
		};
		BC4408701E608AEB0068EBB2 /* Release */ = {
			isa = XCBuildConfiguration;
			buildSettings = {
				ASSETCATALOG_COMPILER_APPICON_NAME = AppIcon;
				DEVELOPMENT_TEAM = VJ8862HM4M;
				INFOPLIST_FILE = FormBadiOS/Info.plist;
				LD_RUNPATH_SEARCH_PATHS = "$(inherited) @executable_path/Frameworks";
				PRODUCT_BUNDLE_IDENTIFIER = PaulJAdam.FormBadiOS;
				PRODUCT_NAME = "$(TARGET_NAME)";
				SWIFT_VERSION = 3.0;
			};
			name = Release;
		};
/* End XCBuildConfiguration section */

/* Begin XCConfigurationList section */
		BC4408571E608AEB0068EBB2 /* Build configuration list for PBXProject "FormBadiOS" */ = {
			isa = XCConfigurationList;
			buildConfigurations = (
				BC44086C1E608AEB0068EBB2 /* Debug */,
				BC44086D1E608AEB0068EBB2 /* Release */,
			);
			defaultConfigurationIsVisible = 0;
			defaultConfigurationName = Release;
		};
		BC44086E1E608AEB0068EBB2 /* Build configuration list for PBXNativeTarget "FormBadiOS" */ = {
			isa = XCConfigurationList;
			buildConfigurations = (
				BC44086F1E608AEB0068EBB2 /* Debug */,
				BC4408701E608AEB0068EBB2 /* Release */,
			);
			defaultConfigurationIsVisible = 0;
		};
/* End XCConfigurationList section */
	};
	rootObject = BC4408541E608AEB0068EBB2 /* Project object */;
}
